<?xml version="1.0" encoding="utf-8"?>
<Project ToolsVersion="4.0" xmlns="http://schemas.microsoft.com/developer/msbuild/2003">
  <ItemGroup>
    <Filter Include="Source Files">
      <UniqueIdentifier>{4FC737F1-C7A5-4376-A066-2A32D752A2FF}</UniqueIdentifier>
      <Extensions>cpp;cxx;c;def</Extensions>
    </Filter>
    <Filter Include="Header Files">
      <UniqueIdentifier>{93995380-89BD-4b04-88EB-625FBE52EBFB}</UniqueIdentifier>
      <Extensions>h</Extensions>
    </Filter>
    <Filter Include="Form Files">
      <UniqueIdentifier>{99349809-55BA-4b9d-BF79-8FDBB0286EB3}</UniqueIdentifier>
      <Extensions>ui</Extensions>
    </Filter>
    <Filter Include="Resource Files">
      <UniqueIdentifier>{D9D6E242-F8AF-46E4-B9FD-80ECBC20BA3E}</UniqueIdentifier>
      <Extensions>qrc;*</Extensions>
      <ParseFiles>false</ParseFiles>
    </Filter>
    <Filter Include="Translation Files">
      <UniqueIdentifier>{639EADAA-A684-42e4-A9AD-28FC9BCB8F7C}</UniqueIdentifier>
      <Extensions>ts</Extensions>
      <ParseFiles>false</ParseFiles>
    </Filter>
    <Filter Include="Generated Files">
      <UniqueIdentifier>{71ED8ED8-ACB9-4CE9-BBE1-E00B30144E11}</UniqueIdentifier>
      <Extensions>moc;h;cpp</Extensions>
      <ParseFiles>true</ParseFiles>
    </Filter>
    <Filter Include="Generated Files\Release">
      <UniqueIdentifier>{19712614-0aeb-46d6-89f4-8689ba34d2be}</UniqueIdentifier>
    </Filter>
  </ItemGroup>
  <ItemGroup>
    <ClCompile Include="source\aboutbox.cpp">
      <Filter>Source Files</Filter>
    </ClCompile>
    <ClCompile Include="source\channelitem.cpp">
      <Filter>Source Files</Filter>
    </ClCompile>
    <ClCompile Include="source\main.cpp">
      <Filter>Source Files</Filter>
    </ClCompile>
    <ClCompile Include="source\optionsbox.cpp">
      <Filter>Source Files</Filter>
    </ClCompile>
    <ClCompile Include="source\portsetbox.cpp">
      <Filter>Source Files</Filter>
    </ClCompile>
    <ClCompile Include="source\qcustomplot.cpp">
      <Filter>Source Files</Filter>
    </ClCompile>
    <ClCompile Include="source\serialtool.cpp">
      <Filter>Source Files</Filter>
    </ClCompile>
    <ClCompile Include="source\textedit.cpp">
      <Filter>Source Files</Filter>
    </ClCompile>
    <ClCompile Include="source\wavedecode.cpp">
      <Filter>Source Files</Filter>
    </ClCompile>
    <ClCompile Include="source\oscilloscope.cpp">
      <Filter>Source Files</Filter>
    </ClCompile>
    <ClCompile Include="source\filetransferview.cpp">
      <Filter>Source Files</Filter>
    </ClCompile>
    <ClCompile Include="source\filethread.cpp">
      <Filter>Source Files</Filter>
    </ClCompile>
    <ClCompile Include="source\xmodem.cpp">
      <Filter>Source Files</Filter>
    </ClCompile>
    <ClCompile Include="GeneratedFiles\qrc_serialtool.cpp">
      <Filter>Generated Files</Filter>
    </ClCompile>
    <ClCompile Include="GeneratedFiles\Release\moc_channelitem.cpp">
      <Filter>Generated Files\Release</Filter>
    </ClCompile>
    <ClCompile Include="GeneratedFiles\Release\moc_filethread.cpp">
      <Filter>Generated Files\Release</Filter>
    </ClCompile>
    <ClCompile Include="GeneratedFiles\Release\moc_filetransferview.cpp">
      <Filter>Generated Files\Release</Filter>
    </ClCompile>
    <ClCompile Include="GeneratedFiles\Release\moc_optionsbox.cpp">
      <Filter>Generated Files\Release</Filter>
    </ClCompile>
    <ClCompile Include="GeneratedFiles\Release\moc_oscilloscope.cpp">
      <Filter>Generated Files\Release</Filter>
    </ClCompile>
    <ClCompile Include="GeneratedFiles\Release\moc_portsetbox.cpp">
      <Filter>Generated Files\Release</Filter>
    </ClCompile>
    <ClCompile Include="GeneratedFiles\Release\moc_qcustomplot.cpp">
      <Filter>Generated Files\Release</Filter>
    </ClCompile>
    <ClCompile Include="GeneratedFiles\Release\moc_serialtool.cpp">
      <Filter>Generated Files\Release</Filter>
    </ClCompile>
    <ClCompile Include="GeneratedFiles\Release\moc_textedit.cpp">
      <Filter>Generated Files\Release</Filter>
    </ClCompile>
  </ItemGroup>
  <ItemGroup>
    <CustomBuild Include="ui\aboutbox.ui">
      <Filter>Form Files</Filter>
    </CustomBuild>
    <CustomBuild Include="ui\optionsbox.ui">
      <Filter>Form Files</Filter>
    </CustomBuild>
    <CustomBuild Include="ui\portsetbox.ui">
      <Filter>Form Files</Filter>
    </CustomBuild>
    <CustomBuild Include="ui\serialtool.ui">
      <Filter>Form Files</Filter>
    </CustomBuild>
    <CustomBuild Include="resource\serialtool.qrc">
      <Filter>Resource Files</Filter>
    </CustomBuild>
    <CustomBuild Include="include\channelitem.h">
      <Filter>Header Files</Filter>
    </CustomBuild>
    <CustomBuild Include="include\optionsbox.h">
      <Filter>Header Files</Filter>
    </CustomBuild>
    <CustomBuild Include="include\portsetbox.h">
      <Filter>Header Files</Filter>
    </CustomBuild>
    <CustomBuild Include="include\qcustomplot.h">
      <Filter>Header Files</Filter>
    </CustomBuild>
    <CustomBuild Include="include\serialtool.h">
      <Filter>Header Files</Filter>
    </CustomBuild>
    <CustomBuild Include="include\textedit.h">
      <Filter>Header Files</Filter>
    </CustomBuild>
    <CustomBuild Include="include\oscilloscope.h">
      <Filter>Header Files</Filter>
    </CustomBuild>
    <CustomBuild Include="ui\oscilloscope.ui">
      <Filter>Form Files</Filter>
    </CustomBuild>
    <CustomBuild Include="include\filetransferview.h">
      <Filter>Header Files</Filter>
    </CustomBuild>
    <CustomBuild Include="include\filethread.h">
      <Filter>Header Files</Filter>
    </CustomBuild>
    <CustomBuild Include="ui\filetransferview.ui">
      <Filter>Form Files</Filter>
    </CustomBuild>
  </ItemGroup>
  <ItemGroup>
    <ResourceCompile Include="resource\serialtool.rc">
      <Filter>Resource Files</Filter>
    </ResourceCompile>
  </ItemGroup>
  <ItemGroup>
    <ClInclude Include="include\aboutbox.h">
      <Filter>Header Files</Filter>
    </ClInclude>
    <ClInclude Include="include\version.h">
      <Filter>Header Files</Filter>
    </ClInclude>
    <ClInclude Include="include\wavedecode.h">
      <Filter>Header Files</Filter>
    </ClInclude>
    <ClInclude Include="include\xmodem.h">
      <Filter>Header Files</Filter>
    </ClInclude>
    <ClInclude Include="include\xmodem_crc16.h">
      <Filter>Header Files</Filter>
    </ClInclude>
    <ClInclude Include="GeneratedFiles\ui_aboutbox.h">
      <Filter>Generated Files</Filter>
    </ClInclude>
    <ClInclude Include="GeneratedFiles\ui_filetransferview.h">
      <Filter>Generated Files</Filter>
    </ClInclude>
    <ClInclude Include="GeneratedFiles\ui_optionsbox.h">
      <Filter>Generated Files</Filter>
    </ClInclude>
    <ClInclude Include="GeneratedFiles\ui_oscilloscope.h">
      <Filter>Generated Files</Filter>
    </ClInclude>
    <ClInclude Include="GeneratedFiles\ui_portsetbox.h">
      <Filter>Generated Files</Filter>
    </ClInclude>
    <ClInclude Include="GeneratedFiles\ui_serialtool.h">
      <Filter>Generated Files</Filter>
    </ClInclude>
  </ItemGroup>
  <ItemGroup>
    <None Include="language\zh_CN.ts">
      <Filter>Translation Files</Filter>
    </None>
  </ItemGroup>
</Project>